// !$*UTF8*$!
{
	archiveVersion = 1;
	classes = {
	};
	objectVersion = 55;
	objects = {

/* Begin PBXBuildFile section */
		42264593677DD9ECC1B5DA1C /* Pods_FlixsterTests.framework in Frameworks */ = {isa = PBXBuildFile; fileRef = F532A6936094A6190F22292B /* Pods_FlixsterTests.framework */; };
		602091E3CBC54FCA76EFD258 /* Pods_Flixster_FlixsterUITests.framework in Frameworks */ = {isa = PBXBuildFile; fileRef = 445FDB54AD433F8FA0F11F35 /* Pods_Flixster_FlixsterUITests.framework */; };
		7160D40428DF459D008BB589 /* AppDelegate.swift in Sources */ = {isa = PBXBuildFile; fileRef = 7160D40328DF459D008BB589 /* AppDelegate.swift */; };
		7160D40628DF459D008BB589 /* SceneDelegate.swift in Sources */ = {isa = PBXBuildFile; fileRef = 7160D40528DF459D008BB589 /* SceneDelegate.swift */; };
		7160D40828DF459D008BB589 /* ViewController.swift in Sources */ = {isa = PBXBuildFile; fileRef = 7160D40728DF459D008BB589 /* ViewController.swift */; };
		7160D40B28DF459D008BB589 /* Main.storyboard in Resources */ = {isa = PBXBuildFile; fileRef = 7160D40928DF459D008BB589 /* Main.storyboard */; };
		7160D40D28DF459F008BB589 /* Assets.xcassets in Resources */ = {isa = PBXBuildFile; fileRef = 7160D40C28DF459F008BB589 /* Assets.xcassets */; };
		7160D41028DF459F008BB589 /* LaunchScreen.storyboard in Resources */ = {isa = PBXBuildFile; fileRef = 7160D40E28DF459F008BB589 /* LaunchScreen.storyboard */; };
		7160D41B28DF459F008BB589 /* FlixsterTests.swift in Sources */ = {isa = PBXBuildFile; fileRef = 7160D41A28DF459F008BB589 /* FlixsterTests.swift */; };
		7160D42528DF459F008BB589 /* FlixsterUITests.swift in Sources */ = {isa = PBXBuildFile; fileRef = 7160D42428DF459F008BB589 /* FlixsterUITests.swift */; };
		7160D42728DF459F008BB589 /* FlixsterUITestsLaunchTests.swift in Sources */ = {isa = PBXBuildFile; fileRef = 7160D42628DF459F008BB589 /* FlixsterUITestsLaunchTests.swift */; };
		7160D43428DF4656008BB589 /* iOS_flix_assets in Resources */ = {isa = PBXBuildFile; fileRef = 7160D43328DF4656008BB589 /* iOS_flix_assets */; };
		7160D43628DF4E1A008BB589 /* MovieCell.swift in Sources */ = {isa = PBXBuildFile; fileRef = 7160D43528DF4E1A008BB589 /* MovieCell.swift */; };
		7160D43928DF5642008BB589 /* AlamofireImage in Frameworks */ = {isa = PBXBuildFile; productRef = 7160D43828DF5642008BB589 /* AlamofireImage */; };
		7160D43B28DF72C1008BB589 /* Pods in Resources */ = {isa = PBXBuildFile; fileRef = 7160D43A28DF72C1008BB589 /* Pods */; };
		7160D43E28E2560D008BB589 /* Main.storyboard in Resources */ = {isa = PBXBuildFile; fileRef = 7160D40928DF459D008BB589 /* Main.storyboard */; };
		7160D43F28E2560E008BB589 /* Main.storyboard in Resources */ = {isa = PBXBuildFile; fileRef = 7160D40928DF459D008BB589 /* Main.storyboard */; };
		7160D44028E2585F008BB589 /* Pods_Flixster.framework in Frameworks */ = {isa = PBXBuildFile; fileRef = 6BA0F5F3803030F747F82B72 /* Pods_Flixster.framework */; };
		7160D44128E2585F008BB589 /* Pods_Flixster.framework in Embed Frameworks */ = {isa = PBXBuildFile; fileRef = 6BA0F5F3803030F747F82B72 /* Pods_Flixster.framework */; settings = {ATTRIBUTES = (CodeSignOnCopy, RemoveHeadersOnCopy, ); }; };
/* End PBXBuildFile section */

/* Begin PBXContainerItemProxy section */
		7160D41728DF459F008BB589 /* PBXContainerItemProxy */ = {
			isa = PBXContainerItemProxy;
			containerPortal = 7160D3F828DF459D008BB589 /* Project object */;
			proxyType = 1;
			remoteGlobalIDString = 7160D3FF28DF459D008BB589;
			remoteInfo = Flixster;
		};
		7160D42128DF459F008BB589 /* PBXContainerItemProxy */ = {
			isa = PBXContainerItemProxy;
			containerPortal = 7160D3F828DF459D008BB589 /* Project object */;
			proxyType = 1;
			remoteGlobalIDString = 7160D3FF28DF459D008BB589;
			remoteInfo = Flixster;
		};
/* End PBXContainerItemProxy section */

/* Begin PBXCopyFilesBuildPhase section */
		7160D44228E2585F008BB589 /* Embed Frameworks */ = {
			isa = PBXCopyFilesBuildPhase;
			buildActionMask = 2147483647;
			dstPath = "";
			dstSubfolderSpec = 10;
			files = (
				7160D44128E2585F008BB589 /* Pods_Flixster.framework in Embed Frameworks */,
			);
			name = "Embed Frameworks";
			runOnlyForDeploymentPostprocessing = 0;
		};
/* End PBXCopyFilesBuildPhase section */

/* Begin PBXFileReference section */
		27797B92BB6F9169048ACE95 /* Pods-FlixsterTests.debug.xcconfig */ = {isa = PBXFileReference; includeInIndex = 1; lastKnownFileType = text.xcconfig; name = "Pods-FlixsterTests.debug.xcconfig"; path = "Target Support Files/Pods-FlixsterTests/Pods-FlixsterTests.debug.xcconfig"; sourceTree = "<group>"; };
		32E52A6105027AE61791A71D /* Pods-FlixsterTests.release.xcconfig */ = {isa = PBXFileReference; includeInIndex = 1; lastKnownFileType = text.xcconfig; name = "Pods-FlixsterTests.release.xcconfig"; path = "Target Support Files/Pods-FlixsterTests/Pods-FlixsterTests.release.xcconfig"; sourceTree = "<group>"; };
		445FDB54AD433F8FA0F11F35 /* Pods_Flixster_FlixsterUITests.framework */ = {isa = PBXFileReference; explicitFileType = wrapper.framework; includeInIndex = 0; path = Pods_Flixster_FlixsterUITests.framework; sourceTree = BUILT_PRODUCTS_DIR; };
		60A49BAC01788597F2547005 /* Pods-Flixster-FlixsterUITests.release.xcconfig */ = {isa = PBXFileReference; includeInIndex = 1; lastKnownFileType = text.xcconfig; name = "Pods-Flixster-FlixsterUITests.release.xcconfig"; path = "Target Support Files/Pods-Flixster-FlixsterUITests/Pods-Flixster-FlixsterUITests.release.xcconfig"; sourceTree = "<group>"; };
		6BA0F5F3803030F747F82B72 /* Pods_Flixster.framework */ = {isa = PBXFileReference; explicitFileType = wrapper.framework; includeInIndex = 0; path = Pods_Flixster.framework; sourceTree = BUILT_PRODUCTS_DIR; };
		7160D40028DF459D008BB589 /* Flixster.app */ = {isa = PBXFileReference; explicitFileType = wrapper.application; includeInIndex = 0; path = Flixster.app; sourceTree = BUILT_PRODUCTS_DIR; };
		7160D40328DF459D008BB589 /* AppDelegate.swift */ = {isa = PBXFileReference; lastKnownFileType = sourcecode.swift; path = AppDelegate.swift; sourceTree = "<group>"; };
		7160D40528DF459D008BB589 /* SceneDelegate.swift */ = {isa = PBXFileReference; lastKnownFileType = sourcecode.swift; path = SceneDelegate.swift; sourceTree = "<group>"; };
		7160D40728DF459D008BB589 /* ViewController.swift */ = {isa = PBXFileReference; lastKnownFileType = sourcecode.swift; path = ViewController.swift; sourceTree = "<group>"; };
		7160D40A28DF459D008BB589 /* Base */ = {isa = PBXFileReference; lastKnownFileType = file.storyboard; name = Base; path = Base.lproj/Main.storyboard; sourceTree = "<group>"; };
		7160D40C28DF459F008BB589 /* Assets.xcassets */ = {isa = PBXFileReference; lastKnownFileType = folder.assetcatalog; path = Assets.xcassets; sourceTree = "<group>"; };
		7160D40F28DF459F008BB589 /* Base */ = {isa = PBXFileReference; lastKnownFileType = file.storyboard; name = Base; path = Base.lproj/LaunchScreen.storyboard; sourceTree = "<group>"; };
		7160D41128DF459F008BB589 /* Info.plist */ = {isa = PBXFileReference; lastKnownFileType = text.plist.xml; path = Info.plist; sourceTree = "<group>"; };
		7160D41628DF459F008BB589 /* FlixsterTests.xctest */ = {isa = PBXFileReference; explicitFileType = wrapper.cfbundle; includeInIndex = 0; path = FlixsterTests.xctest; sourceTree = BUILT_PRODUCTS_DIR; };
		7160D41A28DF459F008BB589 /* FlixsterTests.swift */ = {isa = PBXFileReference; lastKnownFileType = sourcecode.swift; path = FlixsterTests.swift; sourceTree = "<group>"; };
		7160D42028DF459F008BB589 /* FlixsterUITests.xctest */ = {isa = PBXFileReference; explicitFileType = wrapper.cfbundle; includeInIndex = 0; path = FlixsterUITests.xctest; sourceTree = BUILT_PRODUCTS_DIR; };
		7160D42428DF459F008BB589 /* FlixsterUITests.swift */ = {isa = PBXFileReference; lastKnownFileType = sourcecode.swift; path = FlixsterUITests.swift; sourceTree = "<group>"; };
		7160D42628DF459F008BB589 /* FlixsterUITestsLaunchTests.swift */ = {isa = PBXFileReference; lastKnownFileType = sourcecode.swift; path = FlixsterUITestsLaunchTests.swift; sourceTree = "<group>"; };
		7160D43328DF4656008BB589 /* iOS_flix_assets */ = {isa = PBXFileReference; lastKnownFileType = folder; path = iOS_flix_assets; sourceTree = "<group>"; };
		7160D43528DF4E1A008BB589 /* MovieCell.swift */ = {isa = PBXFileReference; lastKnownFileType = sourcecode.swift; path = MovieCell.swift; sourceTree = "<group>"; };
		7160D43A28DF72C1008BB589 /* Pods */ = {isa = PBXFileReference; fileEncoding = 4; lastKnownFileType = text; path = Pods; sourceTree = SOURCE_ROOT; };
		CDF8D78D2D0CB30801F134F3 /* Pods-Flixster-FlixsterUITests.debug.xcconfig */ = {isa = PBXFileReference; includeInIndex = 1; lastKnownFileType = text.xcconfig; name = "Pods-Flixster-FlixsterUITests.debug.xcconfig"; path = "Target Support Files/Pods-Flixster-FlixsterUITests/Pods-Flixster-FlixsterUITests.debug.xcconfig"; sourceTree = "<group>"; };
		D2CB1191593ED4E650B1B025 /* Pods-Flixster.debug.xcconfig */ = {isa = PBXFileReference; includeInIndex = 1; lastKnownFileType = text.xcconfig; name = "Pods-Flixster.debug.xcconfig"; path = "Target Support Files/Pods-Flixster/Pods-Flixster.debug.xcconfig"; sourceTree = "<group>"; };
		F532A6936094A6190F22292B /* Pods_FlixsterTests.framework */ = {isa = PBXFileReference; explicitFileType = wrapper.framework; includeInIndex = 0; path = Pods_FlixsterTests.framework; sourceTree = BUILT_PRODUCTS_DIR; };
		FC35054B90D67330D1202129 /* Pods-Flixster.release.xcconfig */ = {isa = PBXFileReference; includeInIndex = 1; lastKnownFileType = text.xcconfig; name = "Pods-Flixster.release.xcconfig"; path = "Target Support Files/Pods-Flixster/Pods-Flixster.release.xcconfig"; sourceTree = "<group>"; };
/* End PBXFileReference section */

/* Begin PBXFrameworksBuildPhase section */
		7160D3FD28DF459D008BB589 /* Frameworks */ = {
			isa = PBXFrameworksBuildPhase;
			buildActionMask = 2147483647;
			files = (
				7160D43928DF5642008BB589 /* AlamofireImage in Frameworks */,
				7160D44028E2585F008BB589 /* Pods_Flixster.framework in Frameworks */,
			);
			runOnlyForDeploymentPostprocessing = 0;
		};
		7160D41328DF459F008BB589 /* Frameworks */ = {
			isa = PBXFrameworksBuildPhase;
			buildActionMask = 2147483647;
			files = (
				42264593677DD9ECC1B5DA1C /* Pods_FlixsterTests.framework in Frameworks */,
			);
			runOnlyForDeploymentPostprocessing = 0;
		};
		7160D41D28DF459F008BB589 /* Frameworks */ = {
			isa = PBXFrameworksBuildPhase;
			buildActionMask = 2147483647;
			files = (
				602091E3CBC54FCA76EFD258 /* Pods_Flixster_FlixsterUITests.framework in Frameworks */,
			);
			runOnlyForDeploymentPostprocessing = 0;
		};
/* End PBXFrameworksBuildPhase section */

/* Begin PBXGroup section */
		7160D3F728DF459D008BB589 = {
			isa = PBXGroup;
			children = (
				7160D40228DF459D008BB589 /* Flixster */,
				7160D41928DF459F008BB589 /* FlixsterTests */,
				7160D42328DF459F008BB589 /* FlixsterUITests */,
				7160D40128DF459D008BB589 /* Products */,
				E8B26FC292925432963CEE7A /* Pods */,
				A39E5DE83D747C86E7BF8A5B /* Frameworks */,
			);
			sourceTree = "<group>";
		};
		7160D40128DF459D008BB589 /* Products */ = {
			isa = PBXGroup;
			children = (
				7160D40028DF459D008BB589 /* Flixster.app */,
				7160D41628DF459F008BB589 /* FlixsterTests.xctest */,
				7160D42028DF459F008BB589 /* FlixsterUITests.xctest */,
			);
			name = Products;
			sourceTree = "<group>";
		};
		7160D40228DF459D008BB589 /* Flixster */ = {
			isa = PBXGroup;
			children = (
				7160D40328DF459D008BB589 /* AppDelegate.swift */,
				7160D40528DF459D008BB589 /* SceneDelegate.swift */,
				7160D40728DF459D008BB589 /* ViewController.swift */,
				7160D40928DF459D008BB589 /* Main.storyboard */,
				7160D43528DF4E1A008BB589 /* MovieCell.swift */,
				7160D40C28DF459F008BB589 /* Assets.xcassets */,
				7160D43328DF4656008BB589 /* iOS_flix_assets */,
				7160D40E28DF459F008BB589 /* LaunchScreen.storyboard */,
				7160D41128DF459F008BB589 /* Info.plist */,
			);
			path = Flixster;
			sourceTree = "<group>";
		};
		7160D41928DF459F008BB589 /* FlixsterTests */ = {
			isa = PBXGroup;
			children = (
				7160D41A28DF459F008BB589 /* FlixsterTests.swift */,
			);
			path = FlixsterTests;
			sourceTree = "<group>";
		};
		7160D42328DF459F008BB589 /* FlixsterUITests */ = {
			isa = PBXGroup;
			children = (
				7160D43A28DF72C1008BB589 /* Pods */,
				7160D42428DF459F008BB589 /* FlixsterUITests.swift */,
				7160D42628DF459F008BB589 /* FlixsterUITestsLaunchTests.swift */,
			);
			path = FlixsterUITests;
			sourceTree = "<group>";
		};
		A39E5DE83D747C86E7BF8A5B /* Frameworks */ = {
			isa = PBXGroup;
			children = (
				6BA0F5F3803030F747F82B72 /* Pods_Flixster.framework */,
				445FDB54AD433F8FA0F11F35 /* Pods_Flixster_FlixsterUITests.framework */,
				F532A6936094A6190F22292B /* Pods_FlixsterTests.framework */,
			);
			name = Frameworks;
			sourceTree = "<group>";
		};
		E8B26FC292925432963CEE7A /* Pods */ = {
			isa = PBXGroup;
			children = (
				D2CB1191593ED4E650B1B025 /* Pods-Flixster.debug.xcconfig */,
				FC35054B90D67330D1202129 /* Pods-Flixster.release.xcconfig */,
				CDF8D78D2D0CB30801F134F3 /* Pods-Flixster-FlixsterUITests.debug.xcconfig */,
				60A49BAC01788597F2547005 /* Pods-Flixster-FlixsterUITests.release.xcconfig */,
				27797B92BB6F9169048ACE95 /* Pods-FlixsterTests.debug.xcconfig */,
				32E52A6105027AE61791A71D /* Pods-FlixsterTests.release.xcconfig */,
			);
			path = Pods;
			sourceTree = "<group>";
		};
/* End PBXGroup section */

/* Begin PBXNativeTarget section */
		7160D3FF28DF459D008BB589 /* Flixster */ = {
			isa = PBXNativeTarget;
			buildConfigurationList = 7160D42A28DF459F008BB589 /* Build configuration list for PBXNativeTarget "Flixster" */;
			buildPhases = (
				91F6BAA1BFB166D385898AB3 /* [CP] Check Pods Manifest.lock */,
				7160D3FC28DF459D008BB589 /* Sources */,
				7160D3FD28DF459D008BB589 /* Frameworks */,
				7160D3FE28DF459D008BB589 /* Resources */,
				7160D44228E2585F008BB589 /* Embed Frameworks */,
			);
			buildRules = (
			);
			dependencies = (
			);
			name = Flixster;
			packageProductDependencies = (
				7160D43828DF5642008BB589 /* AlamofireImage */,
			);
			productName = Flixster;
			productReference = 7160D40028DF459D008BB589 /* Flixster.app */;
			productType = "com.apple.product-type.application";
		};
		7160D41528DF459F008BB589 /* FlixsterTests */ = {
			isa = PBXNativeTarget;
			buildConfigurationList = 7160D42D28DF459F008BB589 /* Build configuration list for PBXNativeTarget "FlixsterTests" */;
			buildPhases = (
				8A8C00D776AA92ADF669923B /* [CP] Check Pods Manifest.lock */,
				7160D41228DF459F008BB589 /* Sources */,
				7160D41328DF459F008BB589 /* Frameworks */,
				7160D41428DF459F008BB589 /* Resources */,
			);
			buildRules = (
			);
			dependencies = (
				7160D41828DF459F008BB589 /* PBXTargetDependency */,
			);
			name = FlixsterTests;
			productName = FlixsterTests;
			productReference = 7160D41628DF459F008BB589 /* FlixsterTests.xctest */;
			productType = "com.apple.product-type.bundle.unit-test";
		};
		7160D41F28DF459F008BB589 /* FlixsterUITests */ = {
			isa = PBXNativeTarget;
			buildConfigurationList = 7160D43028DF459F008BB589 /* Build configuration list for PBXNativeTarget "FlixsterUITests" */;
			buildPhases = (
				0D96E4A44AD48A00293E89BA /* [CP] Check Pods Manifest.lock */,
				7160D41C28DF459F008BB589 /* Sources */,
				7160D41D28DF459F008BB589 /* Frameworks */,
				7160D41E28DF459F008BB589 /* Resources */,
			);
			buildRules = (
			);
			dependencies = (
				7160D42228DF459F008BB589 /* PBXTargetDependency */,
			);
			name = FlixsterUITests;
			productName = FlixsterUITests;
			productReference = 7160D42028DF459F008BB589 /* FlixsterUITests.xctest */;
			productType = "com.apple.product-type.bundle.ui-testing";
		};
/* End PBXNativeTarget section */

/* Begin PBXProject section */
		7160D3F828DF459D008BB589 /* Project object */ = {
			isa = PBXProject;
			attributes = {
				BuildIndependentTargetsInParallel = 1;
				LastSwiftUpdateCheck = 1340;
				LastUpgradeCheck = 1340;
				TargetAttributes = {
					7160D3FF28DF459D008BB589 = {
						CreatedOnToolsVersion = 13.4.1;
					};
					7160D41528DF459F008BB589 = {
						CreatedOnToolsVersion = 13.4.1;
						TestTargetID = 7160D3FF28DF459D008BB589;
					};
					7160D41F28DF459F008BB589 = {
						CreatedOnToolsVersion = 13.4.1;
						TestTargetID = 7160D3FF28DF459D008BB589;
					};
				};
			};
			buildConfigurationList = 7160D3FB28DF459D008BB589 /* Build configuration list for PBXProject "Flixster" */;
			compatibilityVersion = "Xcode 13.0";
			developmentRegion = en;
			hasScannedForEncodings = 0;
			knownRegions = (
				en,
				Base,
			);
			mainGroup = 7160D3F728DF459D008BB589;
			packageReferences = (
				7160D43728DF5642008BB589 /* XCRemoteSwiftPackageReference "AlamofireImage" */,
			);
			productRefGroup = 7160D40128DF459D008BB589 /* Products */;
			projectDirPath = "";
			projectRoot = "";
			targets = (
				7160D3FF28DF459D008BB589 /* Flixster */,
				7160D41528DF459F008BB589 /* FlixsterTests */,
				7160D41F28DF459F008BB589 /* FlixsterUITests */,
			);
		};
/* End PBXProject section */

/* Begin PBXResourcesBuildPhase section */
		7160D3FE28DF459D008BB589 /* Resources */ = {
			isa = PBXResourcesBuildPhase;
			buildActionMask = 2147483647;
			files = (
				7160D41028DF459F008BB589 /* LaunchScreen.storyboard in Resources */,
				7160D40D28DF459F008BB589 /* Assets.xcassets in Resources */,
				7160D43428DF4656008BB589 /* iOS_flix_assets in Resources */,
				7160D40B28DF459D008BB589 /* Main.storyboard in Resources */,
			);
			runOnlyForDeploymentPostprocessing = 0;
		};
		7160D41428DF459F008BB589 /* Resources */ = {
			isa = PBXResourcesBuildPhase;
			buildActionMask = 2147483647;
			files = (
				7160D43E28E2560D008BB589 /* Main.storyboard in Resources */,
			);
			runOnlyForDeploymentPostprocessing = 0;
		};
		7160D41E28DF459F008BB589 /* Resources */ = {
			isa = PBXResourcesBuildPhase;
			buildActionMask = 2147483647;
			files = (
				7160D43B28DF72C1008BB589 /* Pods in Resources */,
				7160D43F28E2560E008BB589 /* Main.storyboard in Resources */,
			);
			runOnlyForDeploymentPostprocessing = 0;
		};
/* End PBXResourcesBuildPhase section */

/* Begin PBXShellScriptBuildPhase section */
		0D96E4A44AD48A00293E89BA /* [CP] Check Pods Manifest.lock */ = {
			isa = PBXShellScriptBuildPhase;
			buildActionMask = 2147483647;
			files = (
			);
			inputFileListPaths = (
			);
			inputPaths = (
				"${PODS_PODFILE_DIR_PATH}/Podfile.lock",
				"${PODS_ROOT}/Manifest.lock",
			);
			name = "[CP] Check Pods Manifest.lock";
			outputFileListPaths = (
			);
			outputPaths = (
				"$(DERIVED_FILE_DIR)/Pods-Flixster-FlixsterUITests-checkManifestLockResult.txt",
			);
			runOnlyForDeploymentPostprocessing = 0;
			shellPath = /bin/sh;
			shellScript = "diff \"${PODS_PODFILE_DIR_PATH}/Podfile.lock\" \"${PODS_ROOT}/Manifest.lock\" > /dev/null\nif [ $? != 0 ] ; then\n    # print error to STDERR\n    echo \"error: The sandbox is not in sync with the Podfile.lock. Run 'pod install' or update your CocoaPods installation.\" >&2\n    exit 1\nfi\n# This output is used by Xcode 'outputs' to avoid re-running this script phase.\necho \"SUCCESS\" > \"${SCRIPT_OUTPUT_FILE_0}\"\n";
			showEnvVarsInLog = 0;
		};
		8A8C00D776AA92ADF669923B /* [CP] Check Pods Manifest.lock */ = {
			isa = PBXShellScriptBuildPhase;
			buildActionMask = 2147483647;
			files = (
			);
			inputFileListPaths = (
			);
			inputPaths = (
				"${PODS_PODFILE_DIR_PATH}/Podfile.lock",
				"${PODS_ROOT}/Manifest.lock",
			);
			name = "[CP] Check Pods Manifest.lock";
			outputFileListPaths = (
			);
			outputPaths = (
				"$(DERIVED_FILE_DIR)/Pods-FlixsterTests-checkManifestLockResult.txt",
			);
			runOnlyForDeploymentPostprocessing = 0;
			shellPath = /bin/sh;
			shellScript = "diff \"${PODS_PODFILE_DIR_PATH}/Podfile.lock\" \"${PODS_ROOT}/Manifest.lock\" > /dev/null\nif [ $? != 0 ] ; then\n    # print error to STDERR\n    echo \"error: The sandbox is not in sync with the Podfile.lock. Run 'pod install' or update your CocoaPods installation.\" >&2\n    exit 1\nfi\n# This output is used by Xcode 'outputs' to avoid re-running this script phase.\necho \"SUCCESS\" > \"${SCRIPT_OUTPUT_FILE_0}\"\n";
			showEnvVarsInLog = 0;
		};
		91F6BAA1BFB166D385898AB3 /* [CP] Check Pods Manifest.lock */ = {
			isa = PBXShellScriptBuildPhase;
			buildActionMask = 2147483647;
			files = (
			);
			inputFileListPaths = (
			);
			inputPaths = (
				"${PODS_PODFILE_DIR_PATH}/Podfile.lock",
				"${PODS_ROOT}/Manifest.lock",
			);
			name = "[CP] Check Pods Manifest.lock";
			outputFileListPaths = (
			);
			outputPaths = (
				"$(DERIVED_FILE_DIR)/Pods-Flixster-checkManifestLockResult.txt",
			);
			runOnlyForDeploymentPostprocessing = 0;
			shellPath = /bin/sh;
			shellScript = "diff \"${PODS_PODFILE_DIR_PATH}/Podfile.lock\" \"${PODS_ROOT}/Manifest.lock\" > /dev/null\nif [ $? != 0 ] ; then\n    # print error to STDERR\n    echo \"error: The sandbox is not in sync with the Podfile.lock. Run 'pod install' or update your CocoaPods installation.\" >&2\n    exit 1\nfi\n# This output is used by Xcode 'outputs' to avoid re-running this script phase.\necho \"SUCCESS\" > \"${SCRIPT_OUTPUT_FILE_0}\"\n";
			showEnvVarsInLog = 0;
		};
/* End PBXShellScriptBuildPhase section */

/* Begin PBXSourcesBuildPhase section */
		7160D3FC28DF459D008BB589 /* Sources */ = {
			isa = PBXSourcesBuildPhase;
			buildActionMask = 2147483647;
			files = (
				7160D40828DF459D008BB589 /* ViewController.swift in Sources */,
				7160D40428DF459D008BB589 /* AppDelegate.swift in Sources */,
				7160D43628DF4E1A008BB589 /* MovieCell.swift in Sources */,
				7160D40628DF459D008BB589 /* SceneDelegate.swift in Sources */,
			);
			runOnlyForDeploymentPostprocessing = 0;
		};
		7160D41228DF459F008BB589 /* Sources */ = {
			isa = PBXSourcesBuildPhase;
			buildActionMask = 2147483647;
			files = (
				7160D41B28DF459F008BB589 /* FlixsterTests.swift in Sources */,
			);
			runOnlyForDeploymentPostprocessing = 0;
		};
		7160D41C28DF459F008BB589 /* Sources */ = {
			isa = PBXSourcesBuildPhase;
			buildActionMask = 2147483647;
			files = (
				7160D42728DF459F008BB589 /* FlixsterUITestsLaunchTests.swift in Sources */,
				7160D42528DF459F008BB589 /* FlixsterUITests.swift in Sources */,
			);
			runOnlyForDeploymentPostprocessing = 0;
		};
/* End PBXSourcesBuildPhase section */

/* Begin PBXTargetDependency section */
		7160D41828DF459F008BB589 /* PBXTargetDependency */ = {
			isa = PBXTargetDependency;
			target = 7160D3FF28DF459D008BB589 /* Flixster */;
			targetProxy = 7160D41728DF459F008BB589 /* PBXContainerItemProxy */;
		};
		7160D42228DF459F008BB589 /* PBXTargetDependency */ = {
			isa = PBXTargetDependency;
			target = 7160D3FF28DF459D008BB589 /* Flixster */;
			targetProxy = 7160D42128DF459F008BB589 /* PBXContainerItemProxy */;
		};
/* End PBXTargetDependency section */

/* Begin PBXVariantGroup section */
		7160D40928DF459D008BB589 /* Main.storyboard */ = {
			isa = PBXVariantGroup;
			children = (
				7160D40A28DF459D008BB589 /* Base */,
			);
			name = Main.storyboard;
			sourceTree = "<group>";
		};
		7160D40E28DF459F008BB589 /* LaunchScreen.storyboard */ = {
			isa = PBXVariantGroup;
			children = (
				7160D40F28DF459F008BB589 /* Base */,
			);
			name = LaunchScreen.storyboard;
			sourceTree = "<group>";
		};
/* End PBXVariantGroup section */

/* Begin XCBuildConfiguration section */
		7160D42828DF459F008BB589 /* Debug */ = {
			isa = XCBuildConfiguration;
			buildSettings = {
				ALWAYS_SEARCH_USER_PATHS = NO;
				CLANG_ANALYZER_NONNULL = YES;
				CLANG_ANALYZER_NUMBER_OBJECT_CONVERSION = YES_AGGRESSIVE;
				CLANG_CXX_LANGUAGE_STANDARD = "gnu++17";
				CLANG_ENABLE_MODULES = YES;
				CLANG_ENABLE_OBJC_ARC = YES;
				CLANG_ENABLE_OBJC_WEAK = YES;
				CLANG_WARN_BLOCK_CAPTURE_AUTORELEASING = YES;
				CLANG_WARN_BOOL_CONVERSION = YES;
				CLANG_WARN_COMMA = YES;
				CLANG_WARN_CONSTANT_CONVERSION = YES;
				CLANG_WARN_DEPRECATED_OBJC_IMPLEMENTATIONS = YES;
				CLANG_WARN_DIRECT_OBJC_ISA_USAGE = YES_ERROR;
				CLANG_WARN_DOCUMENTATION_COMMENTS = YES;
				CLANG_WARN_EMPTY_BODY = YES;
				CLANG_WARN_ENUM_CONVERSION = YES;
				CLANG_WARN_INFINITE_RECURSION = YES;
				CLANG_WARN_INT_CONVERSION = YES;
				CLANG_WARN_NON_LITERAL_NULL_CONVERSION = YES;
				CLANG_WARN_OBJC_IMPLICIT_RETAIN_SELF = YES;
				CLANG_WARN_OBJC_LITERAL_CONVERSION = YES;
				CLANG_WARN_OBJC_ROOT_CLASS = YES_ERROR;
				CLANG_WARN_QUOTED_INCLUDE_IN_FRAMEWORK_HEADER = YES;
				CLANG_WARN_RANGE_LOOP_ANALYSIS = YES;
				CLANG_WARN_STRICT_PROTOTYPES = YES;
				CLANG_WARN_SUSPICIOUS_MOVE = YES;
				CLANG_WARN_UNGUARDED_AVAILABILITY = YES_AGGRESSIVE;
				CLANG_WARN_UNREACHABLE_CODE = YES;
				CLANG_WARN__DUPLICATE_METHOD_MATCH = YES;
				COPY_PHASE_STRIP = NO;
				DEBUG_INFORMATION_FORMAT = dwarf;
				ENABLE_STRICT_OBJC_MSGSEND = YES;
				ENABLE_TESTABILITY = YES;
				GCC_C_LANGUAGE_STANDARD = gnu11;
				GCC_DYNAMIC_NO_PIC = NO;
				GCC_NO_COMMON_BLOCKS = YES;
				GCC_OPTIMIZATION_LEVEL = 0;
				GCC_PREPROCESSOR_DEFINITIONS = (
					"DEBUG=1",
					"$(inherited)",
				);
				GCC_WARN_64_TO_32_BIT_CONVERSION = YES;
				GCC_WARN_ABOUT_RETURN_TYPE = YES_ERROR;
				GCC_WARN_UNDECLARED_SELECTOR = YES;
				GCC_WARN_UNINITIALIZED_AUTOS = YES_AGGRESSIVE;
				GCC_WARN_UNUSED_FUNCTION = YES;
				GCC_WARN_UNUSED_VARIABLE = YES;
				IPHONEOS_DEPLOYMENT_TARGET = 13.0;
				MTL_ENABLE_DEBUG_INFO = INCLUDE_SOURCE;
				MTL_FAST_MATH = YES;
				ONLY_ACTIVE_ARCH = YES;
				SDKROOT = iphoneos;
				SWIFT_ACTIVE_COMPILATION_CONDITIONS = DEBUG;
				SWIFT_OPTIMIZATION_LEVEL = "-Onone";
			};
			name = Debug;
		};
		7160D42928DF459F008BB589 /* Release */ = {
			isa = XCBuildConfiguration;
			buildSettings = {
				ALWAYS_SEARCH_USER_PATHS = NO;
				CLANG_ANALYZER_NONNULL = YES;
				CLANG_ANALYZER_NUMBER_OBJECT_CONVERSION = YES_AGGRESSIVE;
				CLANG_CXX_LANGUAGE_STANDARD = "gnu++17";
				CLANG_ENABLE_MODULES = YES;
				CLANG_ENABLE_OBJC_ARC = YES;
				CLANG_ENABLE_OBJC_WEAK = YES;
				CLANG_WARN_BLOCK_CAPTURE_AUTORELEASING = YES;
				CLANG_WARN_BOOL_CONVERSION = YES;
				CLANG_WARN_COMMA = YES;
				CLANG_WARN_CONSTANT_CONVERSION = YES;
				CLANG_WARN_DEPRECATED_OBJC_IMPLEMENTATIONS = YES;
				CLANG_WARN_DIRECT_OBJC_ISA_USAGE = YES_ERROR;
				CLANG_WARN_DOCUMENTATION_COMMENTS = YES;
				CLANG_WARN_EMPTY_BODY = YES;
				CLANG_WARN_ENUM_CONVERSION = YES;
				CLANG_WARN_INFINITE_RECURSION = YES;
				CLANG_WARN_INT_CONVERSION = YES;
				CLANG_WARN_NON_LITERAL_NULL_CONVERSION = YES;
				CLANG_WARN_OBJC_IMPLICIT_RETAIN_SELF = YES;
				CLANG_WARN_OBJC_LITERAL_CONVERSION = YES;
				CLANG_WARN_OBJC_ROOT_CLASS = YES_ERROR;
				CLANG_WARN_QUOTED_INCLUDE_IN_FRAMEWORK_HEADER = YES;
				CLANG_WARN_RANGE_LOOP_ANALYSIS = YES;
				CLANG_WARN_STRICT_PROTOTYPES = YES;
				CLANG_WARN_SUSPICIOUS_MOVE = YES;
				CLANG_WARN_UNGUARDED_AVAILABILITY = YES_AGGRESSIVE;
				CLANG_WARN_UNREACHABLE_CODE = YES;
				CLANG_WARN__DUPLICATE_METHOD_MATCH = YES;
				COPY_PHASE_STRIP = NO;
				DEBUG_INFORMATION_FORMAT = "dwarf-with-dsym";
				ENABLE_NS_ASSERTIONS = NO;
				ENABLE_STRICT_OBJC_MSGSEND = YES;
				GCC_C_LANGUAGE_STANDARD = gnu11;
				GCC_NO_COMMON_BLOCKS = YES;
				GCC_WARN_64_TO_32_BIT_CONVERSION = YES;
				GCC_WARN_ABOUT_RETURN_TYPE = YES_ERROR;
				GCC_WARN_UNDECLARED_SELECTOR = YES;
				GCC_WARN_UNINITIALIZED_AUTOS = YES_AGGRESSIVE;
				GCC_WARN_UNUSED_FUNCTION = YES;
				GCC_WARN_UNUSED_VARIABLE = YES;
				IPHONEOS_DEPLOYMENT_TARGET = 13.0;
				MTL_ENABLE_DEBUG_INFO = NO;
				MTL_FAST_MATH = YES;
				SDKROOT = iphoneos;
				SWIFT_COMPILATION_MODE = wholemodule;
				SWIFT_OPTIMIZATION_LEVEL = "-O";
				VALIDATE_PRODUCT = YES;
			};
			name = Release;
		};
		7160D42B28DF459F008BB589 /* Debug */ = {
			isa = XCBuildConfiguration;
			baseConfigurationReference = D2CB1191593ED4E650B1B025 /* Pods-Flixster.debug.xcconfig */;
			buildSettings = {
				ASSETCATALOG_COMPILER_APPICON_NAME = AppIcon;
				ASSETCATALOG_COMPILER_GLOBAL_ACCENT_COLOR_NAME = AccentColor;
				CODE_SIGN_STYLE = Automatic;
				CURRENT_PROJECT_VERSION = 1;
				DEVELOPMENT_TEAM = DGX6SCWR8R;
				GENERATE_INFOPLIST_FILE = YES;
				INFOPLIST_FILE = Flixster/Info.plist;
				INFOPLIST_KEY_UIApplicationSupportsIndirectInputEvents = YES;
				INFOPLIST_KEY_UILaunchStoryboardName = LaunchScreen;
				INFOPLIST_KEY_UIMainStoryboardFile = Main;
				INFOPLIST_KEY_UISupportedInterfaceOrientations = "UIInterfaceOrientationPortrait UIInterfaceOrientationPortraitUpsideDown UIInterfaceOrientationLandscapeLeft UIInterfaceOrientationLandscapeRight";
				INFOPLIST_KEY_UISupportedInterfaceOrientations_iPad = "UIInterfaceOrientationPortrait UIInterfaceOrientationPortraitUpsideDown UIInterfaceOrientationLandscapeLeft UIInterfaceOrientationLandscapeRight";
				INFOPLIST_KEY_UISupportedInterfaceOrientations_iPhone = "UIInterfaceOrientationPortrait UIInterfaceOrientationLandscapeLeft UIInterfaceOrientationLandscapeRight";
				IPHONEOS_DEPLOYMENT_TARGET = 15.1;
				LD_RUNPATH_SEARCH_PATHS = (
					"$(inherited)",
					"@executable_path/Frameworks",
				);
				MARKETING_VERSION = 1.0;
				PRODUCT_BUNDLE_IDENTIFIER = com.ale.Flixster;
				PRODUCT_NAME = "$(TARGET_NAME)";
				SWIFT_EMIT_LOC_STRINGS = YES;
				SWIFT_VERSION = 5.0;
				TARGETED_DEVICE_FAMILY = "1,2";
			};
			name = Debug;
		};
		7160D42C28DF459F008BB589 /* Release */ = {
			isa = XCBuildConfiguration;
			baseConfigurationReference = FC35054B90D67330D1202129 /* Pods-Flixster.release.xcconfig */;
			buildSettings = {
				ASSETCATALOG_COMPILER_APPICON_NAME = AppIcon;
				ASSETCATALOG_COMPILER_GLOBAL_ACCENT_COLOR_NAME = AccentColor;
				CODE_SIGN_STYLE = Automatic;
				CURRENT_PROJECT_VERSION = 1;
				DEVELOPMENT_TEAM = DGX6SCWR8R;
				GENERATE_INFOPLIST_FILE = YES;
				INFOPLIST_FILE = Flixster/Info.plist;
				INFOPLIST_KEY_UIApplicationSupportsIndirectInputEvents = YES;
				INFOPLIST_KEY_UILaunchStoryboardName = LaunchScreen;
				INFOPLIST_KEY_UIMainStoryboardFile = Main;
				INFOPLIST_KEY_UISupportedInterfaceOrientations = "UIInterfaceOrientationPortrait UIInterfaceOrientationPortraitUpsideDown UIInterfaceOrientationLandscapeLeft UIInterfaceOrientationLandscapeRight";
				INFOPLIST_KEY_UISupportedInterfaceOrientations_iPad = "UIInterfaceOrientationPortrait UIInterfaceOrientationPortraitUpsideDown UIInterfaceOrientationLandscapeLeft UIInterfaceOrientationLandscapeRight";
				INFOPLIST_KEY_UISupportedInterfaceOrientations_iPhone = "UIInterfaceOrientationPortrait UIInterfaceOrientationLandscapeLeft UIInterfaceOrientationLandscapeRight";
				IPHONEOS_DEPLOYMENT_TARGET = 15.1;
				LD_RUNPATH_SEARCH_PATHS = (
					"$(inherited)",
					"@executable_path/Frameworks",
				);
				MARKETING_VERSION = 1.0;
				PRODUCT_BUNDLE_IDENTIFIER = com.ale.Flixster;
				PRODUCT_NAME = "$(TARGET_NAME)";
				SWIFT_EMIT_LOC_STRINGS = YES;
				SWIFT_VERSION = 5.0;
				TARGETED_DEVICE_FAMILY = "1,2";
			};
			name = Release;
		};
		7160D42E28DF459F008BB589 /* Debug */ = {
			isa = XCBuildConfiguration;
			baseConfigurationReference = 27797B92BB6F9169048ACE95 /* Pods-FlixsterTests.debug.xcconfig */;
			buildSettings = {
				ALWAYS_EMBED_SWIFT_STANDARD_LIBRARIES = YES;
				BUNDLE_LOADER = "$(TEST_HOST)";
				CODE_SIGN_STYLE = Automatic;
				CURRENT_PROJECT_VERSION = 1;
				DEVELOPMENT_TEAM = DGX6SCWR8R;
				GENERATE_INFOPLIST_FILE = YES;
				IPHONEOS_DEPLOYMENT_TARGET = 15.5;
				MARKETING_VERSION = 1.0;
				PRODUCT_BUNDLE_IDENTIFIER = com.ale.FlixsterTests;
				PRODUCT_NAME = "$(TARGET_NAME)";
				SWIFT_EMIT_LOC_STRINGS = NO;
				SWIFT_VERSION = 5.0;
				TARGETED_DEVICE_FAMILY = "1,2";
				TEST_HOST = "$(BUILT_PRODUCTS_DIR)/Flixster.app/Flixster";
			};
			name = Debug;
		};
		7160D42F28DF459F008BB589 /* Release */ = {
			isa = XCBuildConfiguration;
			baseConfigurationReference = 32E52A6105027AE61791A71D /* Pods-FlixsterTests.release.xcconfig */;
			buildSettings = {
				ALWAYS_EMBED_SWIFT_STANDARD_LIBRARIES = YES;
				BUNDLE_LOADER = "$(TEST_HOST)";
				CODE_SIGN_STYLE = Automatic;
				CURRENT_PROJECT_VERSION = 1;
				DEVELOPMENT_TEAM = DGX6SCWR8R;
				GENERATE_INFOPLIST_FILE = YES;
				IPHONEOS_DEPLOYMENT_TARGET = 15.5;
				MARKETING_VERSION = 1.0;
				PRODUCT_BUNDLE_IDENTIFIER = com.ale.FlixsterTests;
				PRODUCT_NAME = "$(TARGET_NAME)";
				SWIFT_EMIT_LOC_STRINGS = NO;
				SWIFT_VERSION = 5.0;
				TARGETED_DEVICE_FAMILY = "1,2";
				TEST_HOST = "$(BUILT_PRODUCTS_DIR)/Flixster.app/Flixster";
			};
			name = Release;
		};
		7160D43128DF459F008BB589 /* Debug */ = {
			isa = XCBuildConfiguration;
			baseConfigurationReference = CDF8D78D2D0CB30801F134F3 /* Pods-Flixster-FlixsterUITests.debug.xcconfig */;
			buildSettings = {
				ALWAYS_EMBED_SWIFT_STANDARD_LIBRARIES = YES;
				CODE_SIGN_STYLE = Automatic;
				CURRENT_PROJECT_VERSION = 1;
				DEVELOPMENT_TEAM = DGX6SCWR8R;
				GENERATE_INFOPLIST_FILE = YES;
				MARKETING_VERSION = 1.0;
				PRODUCT_BUNDLE_IDENTIFIER = com.ale.FlixsterUITests;
				PRODUCT_NAME = "$(TARGET_NAME)";
				SWIFT_EMIT_LOC_STRINGS = NO;
				SWIFT_VERSION = 5.0;
				TARGETED_DEVICE_FAMILY = "1,2";
				TEST_TARGET_NAME = Flixster;
			};
			name = Debug;
		};
		7160D43228DF459F008BB589 /* Release */ = {
			isa = XCBuildConfiguration;
			baseConfigurationReference = 60A49BAC01788597F2547005 /* Pods-Flixster-FlixsterUITests.release.xcconfig */;
			buildSettings = {
				ALWAYS_EMBED_SWIFT_STANDARD_LIBRARIES = YES;
				CODE_SIGN_STYLE = Automatic;
				CURRENT_PROJECT_VERSION = 1;
				DEVELOPMENT_TEAM = DGX6SCWR8R;
				GENERATE_INFOPLIST_FILE = YES;
				MARKETING_VERSION = 1.0;
				PRODUCT_BUNDLE_IDENTIFIER = com.ale.FlixsterUITests;
				PRODUCT_NAME = "$(TARGET_NAME)";
				SWIFT_EMIT_LOC_STRINGS = NO;
				SWIFT_VERSION = 5.0;
				TARGETED_DEVICE_FAMILY = "1,2";
				TEST_TARGET_NAME = Flixster;
			};
			name = Release;
		};
/* End XCBuildConfiguration section */

/* Begin XCConfigurationList section */
		7160D3FB28DF459D008BB589 /* Build configuration list for PBXProject "Flixster" */ = {
			isa = XCConfigurationList;
			buildConfigurations = (
				7160D42828DF459F008BB589 /* Debug */,
				7160D42928DF459F008BB589 /* Release */,
			);
			defaultConfigurationIsVisible = 0;
			defaultConfigurationName = Release;
		};
		7160D42A28DF459F008BB589 /* Build configuration list for PBXNativeTarget "Flixster" */ = {
			isa = XCConfigurationList;
			buildConfigurations = (
				7160D42B28DF459F008BB589 /* Debug */,
				7160D42C28DF459F008BB589 /* Release */,
			);
			defaultConfigurationIsVisible = 0;
			defaultConfigurationName = Release;
		};
		7160D42D28DF459F008BB589 /* Build configuration list for PBXNativeTarget "FlixsterTests" */ = {
			isa = XCConfigurationList;
			buildConfigurations = (
				7160D42E28DF459F008BB589 /* Debug */,
				7160D42F28DF459F008BB589 /* Release */,
			);
			defaultConfigurationIsVisible = 0;
			defaultConfigurationName = Release;
		};
		7160D43028DF459F008BB589 /* Build configuration list for PBXNativeTarget "FlixsterUITests" */ = {
			isa = XCConfigurationList;
			buildConfigurations = (
				7160D43128DF459F008BB589 /* Debug */,
				7160D43228DF459F008BB589 /* Release */,
			);
			defaultConfigurationIsVisible = 0;
			defaultConfigurationName = Release;
		};
/* End XCConfigurationList section */

/* Begin XCRemoteSwiftPackageReference section */
		7160D43728DF5642008BB589 /* XCRemoteSwiftPackageReference "AlamofireImage" */ = {
			isa = XCRemoteSwiftPackageReference;
			repositoryURL = "https://github.com/Alamofire/AlamofireImage";
			requirement = {
				kind = upToNextMajorVersion;
				minimumVersion = 4.0.0;
			};
		};
/* End XCRemoteSwiftPackageReference section */

/* Begin XCSwiftPackageProductDependency section */
		7160D43828DF5642008BB589 /* AlamofireImage */ = {
			isa = XCSwiftPackageProductDependency;
			package = 7160D43728DF5642008BB589 /* XCRemoteSwiftPackageReference "AlamofireImage" */;
			productName = AlamofireImage;
		};
/* End XCSwiftPackageProductDependency section */
	};
	rootObject = 7160D3F828DF459D008BB589 /* Project object */;
}
